// !$*UTF8*$!
{
	archiveVersion = 1;
	classes = {
	};
	objectVersion = 50;
	objects = {

/* Begin PBXBuildFile section */
		6F47E2D5A0C732FD0369714F /* libPods-CategoryTests.a in Frameworks */ = {isa = PBXBuildFile; fileRef = 90C2B888281AEECAA7507B2C /* libPods-CategoryTests.a */; };
		892ECCAB20E9D9620035E96E /* AppDelegate.m in Sources */ = {isa = PBXBuildFile; fileRef = 892ECCAA20E9D9620035E96E /* AppDelegate.m */; };
		892ECCAE20E9D9620035E96E /* ViewController.m in Sources */ = {isa = PBXBuildFile; fileRef = 892ECCAD20E9D9620035E96E /* ViewController.m */; };
		892ECCB120E9D9620035E96E /* Main.storyboard in Resources */ = {isa = PBXBuildFile; fileRef = 892ECCAF20E9D9620035E96E /* Main.storyboard */; };
		892ECCB320E9D9630035E96E /* Assets.xcassets in Resources */ = {isa = PBXBuildFile; fileRef = 892ECCB220E9D9630035E96E /* Assets.xcassets */; };
		892ECCB620E9D9630035E96E /* LaunchScreen.storyboard in Resources */ = {isa = PBXBuildFile; fileRef = 892ECCB420E9D9630035E96E /* LaunchScreen.storyboard */; };
		892ECCB920E9D9630035E96E /* main.m in Sources */ = {isa = PBXBuildFile; fileRef = 892ECCB820E9D9630035E96E /* main.m */; };
		892ECCC320E9D9630035E96E /* CategoryTests.m in Sources */ = {isa = PBXBuildFile; fileRef = 892ECCC220E9D9630035E96E /* CategoryTests.m */; };
		892ECCCE20E9D9630035E96E /* CategoryUITests.m in Sources */ = {isa = PBXBuildFile; fileRef = 892ECCCD20E9D9630035E96E /* CategoryUITests.m */; };
		892ECCE920E9DB480035E96E /* UIButton+Category.m in Sources */ = {isa = PBXBuildFile; fileRef = 892ECCDF20E9DB480035E96E /* UIButton+Category.m */; };
		892ECCEA20E9DB480035E96E /* UIView+Category.m in Sources */ = {isa = PBXBuildFile; fileRef = 892ECCE120E9DB480035E96E /* UIView+Category.m */; };
		892ECCEB20E9DB480035E96E /* NSString+Category.m in Sources */ = {isa = PBXBuildFile; fileRef = 892ECCE220E9DB480035E96E /* NSString+Category.m */; };
		892ECCEC20E9DB480035E96E /* UIViewController+Category.m in Sources */ = {isa = PBXBuildFile; fileRef = 892ECCE320E9DB480035E96E /* UIViewController+Category.m */; };
		892ECCED20E9DB480035E96E /* UIScrollView+Category.m in Sources */ = {isa = PBXBuildFile; fileRef = 892ECCE520E9DB480035E96E /* UIScrollView+Category.m */; };
		892ECCEE20E9DB480035E96E /* UIColor+Category.m in Sources */ = {isa = PBXBuildFile; fileRef = 892ECCE620E9DB480035E96E /* UIColor+Category.m */; };
		892ECCF320E9F1780035E96E /* DIYFooter.m in Sources */ = {isa = PBXBuildFile; fileRef = 892ECCF220E9F1780035E96E /* DIYFooter.m */; };
		892ECCF920E9F1850035E96E /* TableViewFooterView.xib in Resources */ = {isa = PBXBuildFile; fileRef = 892ECCF620E9F1850035E96E /* TableViewFooterView.xib */; };
		892ECCFA20E9F1850035E96E /* TableViewFooterView.m in Sources */ = {isa = PBXBuildFile; fileRef = 892ECCF720E9F1850035E96E /* TableViewFooterView.m */; };
		934CC9E7EE7D12EF404172BA /* libPods-Category.a in Frameworks */ = {isa = PBXBuildFile; fileRef = 1CD3ADEB3F7391A0C326E8D4 /* libPods-Category.a */; };
		C6D0EC0875359FA237752255 /* libPods-CategoryUITests.a in Frameworks */ = {isa = PBXBuildFile; fileRef = 3C22B70B156EE5CB0F45A041 /* libPods-CategoryUITests.a */; };
/* End PBXBuildFile section */

/* Begin PBXContainerItemProxy section */
		892ECCBF20E9D9630035E96E /* PBXContainerItemProxy */ = {
			isa = PBXContainerItemProxy;
			containerPortal = 892ECC9E20E9D9620035E96E /* Project object */;
			proxyType = 1;
			remoteGlobalIDString = 892ECCA520E9D9620035E96E;
			remoteInfo = Category;
		};
		892ECCCA20E9D9630035E96E /* PBXContainerItemProxy */ = {
			isa = PBXContainerItemProxy;
			containerPortal = 892ECC9E20E9D9620035E96E /* Project object */;
			proxyType = 1;
			remoteGlobalIDString = 892ECCA520E9D9620035E96E;
			remoteInfo = Category;
		};
/* End PBXContainerItemProxy section */

/* Begin PBXFileReference section */
		152D7EC97D4D8BA68C94B8FE /* Pods-CategoryUITests.release.xcconfig */ = {isa = PBXFileReference; includeInIndex = 1; lastKnownFileType = text.xcconfig; name = "Pods-CategoryUITests.release.xcconfig"; path = "Pods/Target Support Files/Pods-CategoryUITests/Pods-CategoryUITests.release.xcconfig"; sourceTree = "<group>"; };
		1CD3ADEB3F7391A0C326E8D4 /* libPods-Category.a */ = {isa = PBXFileReference; explicitFileType = archive.ar; includeInIndex = 0; path = "libPods-Category.a"; sourceTree = BUILT_PRODUCTS_DIR; };
		3C22B70B156EE5CB0F45A041 /* libPods-CategoryUITests.a */ = {isa = PBXFileReference; explicitFileType = archive.ar; includeInIndex = 0; path = "libPods-CategoryUITests.a"; sourceTree = BUILT_PRODUCTS_DIR; };
		4221E3AC7D6E1C78EFC79F62 /* Pods-CategoryTests.release.xcconfig */ = {isa = PBXFileReference; includeInIndex = 1; lastKnownFileType = text.xcconfig; name = "Pods-CategoryTests.release.xcconfig"; path = "Pods/Target Support Files/Pods-CategoryTests/Pods-CategoryTests.release.xcconfig"; sourceTree = "<group>"; };
		4774CC380231BEBD10C76BC6 /* Pods-Category.debug.xcconfig */ = {isa = PBXFileReference; includeInIndex = 1; lastKnownFileType = text.xcconfig; name = "Pods-Category.debug.xcconfig"; path = "Pods/Target Support Files/Pods-Category/Pods-Category.debug.xcconfig"; sourceTree = "<group>"; };
		777B428CC89F2D2A38D6ECD6 /* Pods-CategoryUITests.debug.xcconfig */ = {isa = PBXFileReference; includeInIndex = 1; lastKnownFileType = text.xcconfig; name = "Pods-CategoryUITests.debug.xcconfig"; path = "Pods/Target Support Files/Pods-CategoryUITests/Pods-CategoryUITests.debug.xcconfig"; sourceTree = "<group>"; };
		8664291762E61F5E2F2BF080 /* Pods-Category.release.xcconfig */ = {isa = PBXFileReference; includeInIndex = 1; lastKnownFileType = text.xcconfig; name = "Pods-Category.release.xcconfig"; path = "Pods/Target Support Files/Pods-Category/Pods-Category.release.xcconfig"; sourceTree = "<group>"; };
		892ECCA620E9D9620035E96E /* Category.app */ = {isa = PBXFileReference; explicitFileType = wrapper.application; includeInIndex = 0; path = Category.app; sourceTree = BUILT_PRODUCTS_DIR; };
		892ECCA920E9D9620035E96E /* AppDelegate.h */ = {isa = PBXFileReference; lastKnownFileType = sourcecode.c.h; path = AppDelegate.h; sourceTree = "<group>"; };
		892ECCAA20E9D9620035E96E /* AppDelegate.m */ = {isa = PBXFileReference; lastKnownFileType = sourcecode.c.objc; path = AppDelegate.m; sourceTree = "<group>"; };
		892ECCAC20E9D9620035E96E /* ViewController.h */ = {isa = PBXFileReference; lastKnownFileType = sourcecode.c.h; path = ViewController.h; sourceTree = "<group>"; };
		892ECCAD20E9D9620035E96E /* ViewController.m */ = {isa = PBXFileReference; lastKnownFileType = sourcecode.c.objc; path = ViewController.m; sourceTree = "<group>"; };
		892ECCB020E9D9620035E96E /* Base */ = {isa = PBXFileReference; lastKnownFileType = file.storyboard; name = Base; path = Base.lproj/Main.storyboard; sourceTree = "<group>"; };
		892ECCB220E9D9630035E96E /* Assets.xcassets */ = {isa = PBXFileReference; lastKnownFileType = folder.assetcatalog; path = Assets.xcassets; sourceTree = "<group>"; };
		892ECCB520E9D9630035E96E /* Base */ = {isa = PBXFileReference; lastKnownFileType = file.storyboard; name = Base; path = Base.lproj/LaunchScreen.storyboard; sourceTree = "<group>"; };
		892ECCB720E9D9630035E96E /* Info.plist */ = {isa = PBXFileReference; lastKnownFileType = text.plist.xml; path = Info.plist; sourceTree = "<group>"; };
		892ECCB820E9D9630035E96E /* main.m */ = {isa = PBXFileReference; lastKnownFileType = sourcecode.c.objc; path = main.m; sourceTree = "<group>"; };
		892ECCBE20E9D9630035E96E /* CategoryTests.xctest */ = {isa = PBXFileReference; explicitFileType = wrapper.cfbundle; includeInIndex = 0; path = CategoryTests.xctest; sourceTree = BUILT_PRODUCTS_DIR; };
		892ECCC220E9D9630035E96E /* CategoryTests.m */ = {isa = PBXFileReference; lastKnownFileType = sourcecode.c.objc; path = CategoryTests.m; sourceTree = "<group>"; };
		892ECCC420E9D9630035E96E /* Info.plist */ = {isa = PBXFileReference; lastKnownFileType = text.plist.xml; path = Info.plist; sourceTree = "<group>"; };
		892ECCC920E9D9630035E96E /* CategoryUITests.xctest */ = {isa = PBXFileReference; explicitFileType = wrapper.cfbundle; includeInIndex = 0; path = CategoryUITests.xctest; sourceTree = BUILT_PRODUCTS_DIR; };
		892ECCCD20E9D9630035E96E /* CategoryUITests.m */ = {isa = PBXFileReference; lastKnownFileType = sourcecode.c.objc; path = CategoryUITests.m; sourceTree = "<group>"; };
		892ECCCF20E9D9630035E96E /* Info.plist */ = {isa = PBXFileReference; lastKnownFileType = text.plist.xml; path = Info.plist; sourceTree = "<group>"; };
		892ECCDC20E9DB480035E96E /* NSString+Category.h */ = {isa = PBXFileReference; fileEncoding = 4; lastKnownFileType = sourcecode.c.h; path = "NSString+Category.h"; sourceTree = "<group>"; };
		892ECCDD20E9DB480035E96E /* UIScrollView+Category.h */ = {isa = PBXFileReference; fileEncoding = 4; lastKnownFileType = sourcecode.c.h; path = "UIScrollView+Category.h"; sourceTree = "<group>"; };
		892ECCDE20E9DB480035E96E /* UIViewController+Category.h */ = {isa = PBXFileReference; fileEncoding = 4; lastKnownFileType = sourcecode.c.h; path = "UIViewController+Category.h"; sourceTree = "<group>"; };
		892ECCDF20E9DB480035E96E /* UIButton+Category.m */ = {isa = PBXFileReference; fileEncoding = 4; lastKnownFileType = sourcecode.c.objc; path = "UIButton+Category.m"; sourceTree = "<group>"; };
		892ECCE020E9DB480035E96E /* UIColor+Category.h */ = {isa = PBXFileReference; fileEncoding = 4; lastKnownFileType = sourcecode.c.h; path = "UIColor+Category.h"; sourceTree = "<group>"; };
		892ECCE120E9DB480035E96E /* UIView+Category.m */ = {isa = PBXFileReference; fileEncoding = 4; lastKnownFileType = sourcecode.c.objc; path = "UIView+Category.m"; sourceTree = "<group>"; };
		892ECCE220E9DB480035E96E /* NSString+Category.m */ = {isa = PBXFileReference; fileEncoding = 4; lastKnownFileType = sourcecode.c.objc; path = "NSString+Category.m"; sourceTree = "<group>"; };
		892ECCE320E9DB480035E96E /* UIViewController+Category.m */ = {isa = PBXFileReference; fileEncoding = 4; lastKnownFileType = sourcecode.c.objc; path = "UIViewController+Category.m"; sourceTree = "<group>"; };
		892ECCE420E9DB480035E96E /* Category.h */ = {isa = PBXFileReference; fileEncoding = 4; lastKnownFileType = sourcecode.c.h; path = Category.h; sourceTree = "<group>"; };
		892ECCE520E9DB480035E96E /* UIScrollView+Category.m */ = {isa = PBXFileReference; fileEncoding = 4; lastKnownFileType = sourcecode.c.objc; path = "UIScrollView+Category.m"; sourceTree = "<group>"; };
		892ECCE620E9DB480035E96E /* UIColor+Category.m */ = {isa = PBXFileReference; fileEncoding = 4; lastKnownFileType = sourcecode.c.objc; path = "UIColor+Category.m"; sourceTree = "<group>"; };
		892ECCE720E9DB480035E96E /* UIView+Category.h */ = {isa = PBXFileReference; fileEncoding = 4; lastKnownFileType = sourcecode.c.h; path = "UIView+Category.h"; sourceTree = "<group>"; };
		892ECCE820E9DB480035E96E /* UIButton+Category.h */ = {isa = PBXFileReference; fileEncoding = 4; lastKnownFileType = sourcecode.c.h; path = "UIButton+Category.h"; sourceTree = "<group>"; };
		892ECCEF20E9DB890035E96E /* Marco.h */ = {isa = PBXFileReference; fileEncoding = 4; lastKnownFileType = sourcecode.c.h; path = Marco.h; sourceTree = "<group>"; };
		892ECCF020E9DB8A0035E96E /* PrefixHeader.pch */ = {isa = PBXFileReference; fileEncoding = 4; lastKnownFileType = sourcecode.c.h; path = PrefixHeader.pch; sourceTree = "<group>"; };
		892ECCF120E9F1770035E96E /* DIYFooter.h */ = {isa = PBXFileReference; fileEncoding = 4; lastKnownFileType = sourcecode.c.h; path = DIYFooter.h; sourceTree = "<group>"; };
		892ECCF220E9F1780035E96E /* DIYFooter.m */ = {isa = PBXFileReference; fileEncoding = 4; lastKnownFileType = sourcecode.c.objc; path = DIYFooter.m; sourceTree = "<group>"; };
		892ECCF620E9F1850035E96E /* TableViewFooterView.xib */ = {isa = PBXFileReference; fileEncoding = 4; lastKnownFileType = file.xib; path = TableViewFooterView.xib; sourceTree = "<group>"; };
		892ECCF720E9F1850035E96E /* TableViewFooterView.m */ = {isa = PBXFileReference; fileEncoding = 4; lastKnownFileType = sourcecode.c.objc; path = TableViewFooterView.m; sourceTree = "<group>"; };
		892ECCF820E9F1850035E96E /* TableViewFooterView.h */ = {isa = PBXFileReference; fileEncoding = 4; lastKnownFileType = sourcecode.c.h; path = TableViewFooterView.h; sourceTree = "<group>"; };
		90C2B888281AEECAA7507B2C /* libPods-CategoryTests.a */ = {isa = PBXFileReference; explicitFileType = archive.ar; includeInIndex = 0; path = "libPods-CategoryTests.a"; sourceTree = BUILT_PRODUCTS_DIR; };
		C5365611B0DB43A9BE3C778D /* Pods-CategoryTests.debug.xcconfig */ = {isa = PBXFileReference; includeInIndex = 1; lastKnownFileType = text.xcconfig; name = "Pods-CategoryTests.debug.xcconfig"; path = "Pods/Target Support Files/Pods-CategoryTests/Pods-CategoryTests.debug.xcconfig"; sourceTree = "<group>"; };
/* End PBXFileReference section */

/* Begin PBXFrameworksBuildPhase section */
		892ECCA320E9D9620035E96E /* Frameworks */ = {
			isa = PBXFrameworksBuildPhase;
			buildActionMask = 2147483647;
			files = (
				934CC9E7EE7D12EF404172BA /* libPods-Category.a in Frameworks */,
			);
			runOnlyForDeploymentPostprocessing = 0;
		};
		892ECCBB20E9D9630035E96E /* Frameworks */ = {
			isa = PBXFrameworksBuildPhase;
			buildActionMask = 2147483647;
			files = (
				6F47E2D5A0C732FD0369714F /* libPods-CategoryTests.a in Frameworks */,
			);
			runOnlyForDeploymentPostprocessing = 0;
		};
		892ECCC620E9D9630035E96E /* Frameworks */ = {
			isa = PBXFrameworksBuildPhase;
			buildActionMask = 2147483647;
			files = (
				C6D0EC0875359FA237752255 /* libPods-CategoryUITests.a in Frameworks */,
			);
			runOnlyForDeploymentPostprocessing = 0;
		};
/* End PBXFrameworksBuildPhase section */

/* Begin PBXGroup section */
		30A893FE5E864B2BB6722F5B /* Frameworks */ = {
			isa = PBXGroup;
			children = (
				1CD3ADEB3F7391A0C326E8D4 /* libPods-Category.a */,
				90C2B888281AEECAA7507B2C /* libPods-CategoryTests.a */,
				3C22B70B156EE5CB0F45A041 /* libPods-CategoryUITests.a */,
			);
			name = Frameworks;
			sourceTree = "<group>";
		};
		892ECC9D20E9D9620035E96E = {
			isa = PBXGroup;
			children = (
				892ECCA820E9D9620035E96E /* Category */,
				892ECCC120E9D9630035E96E /* CategoryTests */,
				892ECCCC20E9D9630035E96E /* CategoryUITests */,
				892ECCA720E9D9620035E96E /* Products */,
				BA5E3AA1EBA7C187D680328C /* Pods */,
				30A893FE5E864B2BB6722F5B /* Frameworks */,
			);
			sourceTree = "<group>";
		};
		892ECCA720E9D9620035E96E /* Products */ = {
			isa = PBXGroup;
			children = (
				892ECCA620E9D9620035E96E /* Category.app */,
				892ECCBE20E9D9630035E96E /* CategoryTests.xctest */,
				892ECCC920E9D9630035E96E /* CategoryUITests.xctest */,
			);
			name = Products;
			sourceTree = "<group>";
		};
		892ECCA820E9D9620035E96E /* Category */ = {
			isa = PBXGroup;
			children = (
				892ECCF420E9F1850035E96E /* Base */,
				892ECCDB20E9DB480035E96E /* Category */,
				892ECCA920E9D9620035E96E /* AppDelegate.h */,
				892ECCAA20E9D9620035E96E /* AppDelegate.m */,
				892ECCAC20E9D9620035E96E /* ViewController.h */,
				892ECCAD20E9D9620035E96E /* ViewController.m */,
				892ECCAF20E9D9620035E96E /* Main.storyboard */,
				892ECCB220E9D9630035E96E /* Assets.xcassets */,
				892ECCB420E9D9630035E96E /* LaunchScreen.storyboard */,
				892ECCB720E9D9630035E96E /* Info.plist */,
				892ECCEF20E9DB890035E96E /* Marco.h */,
				892ECCF020E9DB8A0035E96E /* PrefixHeader.pch */,
				892ECCB820E9D9630035E96E /* main.m */,
			);
			path = Category;
			sourceTree = "<group>";
		};
		892ECCC120E9D9630035E96E /* CategoryTests */ = {
			isa = PBXGroup;
			children = (
				892ECCC220E9D9630035E96E /* CategoryTests.m */,
				892ECCC420E9D9630035E96E /* Info.plist */,
			);
			path = CategoryTests;
			sourceTree = "<group>";
		};
		892ECCCC20E9D9630035E96E /* CategoryUITests */ = {
			isa = PBXGroup;
			children = (
				892ECCCD20E9D9630035E96E /* CategoryUITests.m */,
				892ECCCF20E9D9630035E96E /* Info.plist */,
			);
			path = CategoryUITests;
			sourceTree = "<group>";
		};
		892ECCDB20E9DB480035E96E /* Category */ = {
			isa = PBXGroup;
			children = (
				892ECCE420E9DB480035E96E /* Category.h */,
				892ECCE720E9DB480035E96E /* UIView+Category.h */,
				892ECCE120E9DB480035E96E /* UIView+Category.m */,
				892ECCE020E9DB480035E96E /* UIColor+Category.h */,
				892ECCE620E9DB480035E96E /* UIColor+Category.m */,
				892ECCDC20E9DB480035E96E /* NSString+Category.h */,
				892ECCE220E9DB480035E96E /* NSString+Category.m */,
				892ECCE820E9DB480035E96E /* UIButton+Category.h */,
				892ECCDF20E9DB480035E96E /* UIButton+Category.m */,
				892ECCDD20E9DB480035E96E /* UIScrollView+Category.h */,
				892ECCE520E9DB480035E96E /* UIScrollView+Category.m */,
				892ECCDE20E9DB480035E96E /* UIViewController+Category.h */,
				892ECCE320E9DB480035E96E /* UIViewController+Category.m */,
			);
			path = Category;
			sourceTree = "<group>";
		};
		892ECCF420E9F1850035E96E /* Base */ = {
			isa = PBXGroup;
			children = (
				892ECCF520E9F1850035E96E /* View */,
			);
			path = Base;
			sourceTree = "<group>";
		};
		892ECCF520E9F1850035E96E /* View */ = {
			isa = PBXGroup;
			children = (
				892ECCF120E9F1770035E96E /* DIYFooter.h */,
				892ECCF220E9F1780035E96E /* DIYFooter.m */,
				892ECCF620E9F1850035E96E /* TableViewFooterView.xib */,
				892ECCF720E9F1850035E96E /* TableViewFooterView.m */,
				892ECCF820E9F1850035E96E /* TableViewFooterView.h */,
			);
			path = View;
			sourceTree = "<group>";
		};
		BA5E3AA1EBA7C187D680328C /* Pods */ = {
			isa = PBXGroup;
			children = (
				4774CC380231BEBD10C76BC6 /* Pods-Category.debug.xcconfig */,
				8664291762E61F5E2F2BF080 /* Pods-Category.release.xcconfig */,
				C5365611B0DB43A9BE3C778D /* Pods-CategoryTests.debug.xcconfig */,
				4221E3AC7D6E1C78EFC79F62 /* Pods-CategoryTests.release.xcconfig */,
				777B428CC89F2D2A38D6ECD6 /* Pods-CategoryUITests.debug.xcconfig */,
				152D7EC97D4D8BA68C94B8FE /* Pods-CategoryUITests.release.xcconfig */,
			);
			name = Pods;
			sourceTree = "<group>";
		};
/* End PBXGroup section */

/* Begin PBXNativeTarget section */
		892ECCA520E9D9620035E96E /* Category */ = {
			isa = PBXNativeTarget;
			buildConfigurationList = 892ECCD220E9D9630035E96E /* Build configuration list for PBXNativeTarget "Category" */;
			buildPhases = (
				1F2EFA8452C8903322084649 /* [CP] Check Pods Manifest.lock */,
				892ECCA220E9D9620035E96E /* Sources */,
				892ECCA320E9D9620035E96E /* Frameworks */,
				892ECCA420E9D9620035E96E /* Resources */,
				4DDC2E948A2FD3B46B03DC14 /* [CP] Copy Pods Resources */,
			);
			buildRules = (
			);
			dependencies = (
			);
			name = Category;
			productName = Category;
			productReference = 892ECCA620E9D9620035E96E /* Category.app */;
			productType = "com.apple.product-type.application";
		};
		892ECCBD20E9D9630035E96E /* CategoryTests */ = {
			isa = PBXNativeTarget;
			buildConfigurationList = 892ECCD520E9D9630035E96E /* Build configuration list for PBXNativeTarget "CategoryTests" */;
			buildPhases = (
				203B1E5E12935B7944C5B445 /* [CP] Check Pods Manifest.lock */,
				892ECCBA20E9D9630035E96E /* Sources */,
				892ECCBB20E9D9630035E96E /* Frameworks */,
				892ECCBC20E9D9630035E96E /* Resources */,
			);
			buildRules = (
			);
			dependencies = (
				892ECCC020E9D9630035E96E /* PBXTargetDependency */,
			);
			name = CategoryTests;
			productName = CategoryTests;
			productReference = 892ECCBE20E9D9630035E96E /* CategoryTests.xctest */;
			productType = "com.apple.product-type.bundle.unit-test";
		};
		892ECCC820E9D9630035E96E /* CategoryUITests */ = {
			isa = PBXNativeTarget;
			buildConfigurationList = 892ECCD820E9D9630035E96E /* Build configuration list for PBXNativeTarget "CategoryUITests" */;
			buildPhases = (
				46428437BABC269BC1060DF7 /* [CP] Check Pods Manifest.lock */,
				892ECCC520E9D9630035E96E /* Sources */,
				892ECCC620E9D9630035E96E /* Frameworks */,
				892ECCC720E9D9630035E96E /* Resources */,
			);
			buildRules = (
			);
			dependencies = (
				892ECCCB20E9D9630035E96E /* PBXTargetDependency */,
			);
			name = CategoryUITests;
			productName = CategoryUITests;
			productReference = 892ECCC920E9D9630035E96E /* CategoryUITests.xctest */;
			productType = "com.apple.product-type.bundle.ui-testing";
		};
/* End PBXNativeTarget section */

/* Begin PBXProject section */
		892ECC9E20E9D9620035E96E /* Project object */ = {
			isa = PBXProject;
			attributes = {
				LastUpgradeCheck = 0940;
				ORGANIZATIONNAME = "路";
				TargetAttributes = {
					892ECCA520E9D9620035E96E = {
						CreatedOnToolsVersion = 9.4;
					};
					892ECCBD20E9D9630035E96E = {
						CreatedOnToolsVersion = 9.4;
						TestTargetID = 892ECCA520E9D9620035E96E;
					};
					892ECCC820E9D9630035E96E = {
						CreatedOnToolsVersion = 9.4;
						TestTargetID = 892ECCA520E9D9620035E96E;
					};
				};
			};
			buildConfigurationList = 892ECCA120E9D9620035E96E /* Build configuration list for PBXProject "Category" */;
			compatibilityVersion = "Xcode 9.3";
			developmentRegion = en;
			hasScannedForEncodings = 0;
			knownRegions = (
				en,
				Base,
			);
			mainGroup = 892ECC9D20E9D9620035E96E;
			productRefGroup = 892ECCA720E9D9620035E96E /* Products */;
			projectDirPath = "";
			projectRoot = "";
			targets = (
				892ECCA520E9D9620035E96E /* Category */,
				892ECCBD20E9D9630035E96E /* CategoryTests */,
				892ECCC820E9D9630035E96E /* CategoryUITests */,
			);
		};
/* End PBXProject section */

/* Begin PBXResourcesBuildPhase section */
		892ECCA420E9D9620035E96E /* Resources */ = {
			isa = PBXResourcesBuildPhase;
			buildActionMask = 2147483647;
			files = (
				892ECCB620E9D9630035E96E /* LaunchScreen.storyboard in Resources */,
				892ECCF920E9F1850035E96E /* TableViewFooterView.xib in Resources */,
				892ECCB320E9D9630035E96E /* Assets.xcassets in Resources */,
				892ECCB120E9D9620035E96E /* Main.storyboard in Resources */,
			);
			runOnlyForDeploymentPostprocessing = 0;
		};
		892ECCBC20E9D9630035E96E /* Resources */ = {
			isa = PBXResourcesBuildPhase;
			buildActionMask = 2147483647;
			files = (
			);
			runOnlyForDeploymentPostprocessing = 0;
		};
		892ECCC720E9D9630035E96E /* Resources */ = {
			isa = PBXResourcesBuildPhase;
			buildActionMask = 2147483647;
			files = (
			);
			runOnlyForDeploymentPostprocessing = 0;
		};
/* End PBXResourcesBuildPhase section */

/* Begin PBXShellScriptBuildPhase section */
		1F2EFA8452C8903322084649 /* [CP] Check Pods Manifest.lock */ = {
			isa = PBXShellScriptBuildPhase;
			buildActionMask = 2147483647;
			files = (
			);
			inputPaths = (
				"${PODS_PODFILE_DIR_PATH}/Podfile.lock",
				"${PODS_ROOT}/Manifest.lock",
			);
			name = "[CP] Check Pods Manifest.lock";
			outputPaths = (
				"$(DERIVED_FILE_DIR)/Pods-Category-checkManifestLockResult.txt",
			);
			runOnlyForDeploymentPostprocessing = 0;
			shellPath = /bin/sh;
			shellScript = "diff \"${PODS_PODFILE_DIR_PATH}/Podfile.lock\" \"${PODS_ROOT}/Manifest.lock\" > /dev/null\nif [ $? != 0 ] ; then\n    # print error to STDERR\n    echo \"error: The sandbox is not in sync with the Podfile.lock. Run 'pod install' or update your CocoaPods installation.\" >&2\n    exit 1\nfi\n# This output is used by Xcode 'outputs' to avoid re-running this script phase.\necho \"SUCCESS\" > \"${SCRIPT_OUTPUT_FILE_0}\"\n";
			showEnvVarsInLog = 0;
		};
		203B1E5E12935B7944C5B445 /* [CP] Check Pods Manifest.lock */ = {
			isa = PBXShellScriptBuildPhase;
			buildActionMask = 2147483647;
			files = (
			);
			inputPaths = (
				"${PODS_PODFILE_DIR_PATH}/Podfile.lock",
				"${PODS_ROOT}/Manifest.lock",
			);
			name = "[CP] Check Pods Manifest.lock";
			outputPaths = (
				"$(DERIVED_FILE_DIR)/Pods-CategoryTests-checkManifestLockResult.txt",
			);
			runOnlyForDeploymentPostprocessing = 0;
			shellPath = /bin/sh;
			shellScript = "diff \"${PODS_PODFILE_DIR_PATH}/Podfile.lock\" \"${PODS_ROOT}/Manifest.lock\" > /dev/null\nif [ $? != 0 ] ; then\n    # print error to STDERR\n    echo \"error: The sandbox is not in sync with the Podfile.lock. Run 'pod install' or update your CocoaPods installation.\" >&2\n    exit 1\nfi\n# This output is used by Xcode 'outputs' to avoid re-running this script phase.\necho \"SUCCESS\" > \"${SCRIPT_OUTPUT_FILE_0}\"\n";
			showEnvVarsInLog = 0;
		};
		46428437BABC269BC1060DF7 /* [CP] Check Pods Manifest.lock */ = {
			isa = PBXShellScriptBuildPhase;
			buildActionMask = 2147483647;
			files = (
			);
			inputPaths = (
				"${PODS_PODFILE_DIR_PATH}/Podfile.lock",
				"${PODS_ROOT}/Manifest.lock",
			);
			name = "[CP] Check Pods Manifest.lock";
			outputPaths = (
				"$(DERIVED_FILE_DIR)/Pods-CategoryUITests-checkManifestLockResult.txt",
			);
			runOnlyForDeploymentPostprocessing = 0;
			shellPath = /bin/sh;
			shellScript = "diff \"${PODS_PODFILE_DIR_PATH}/Podfile.lock\" \"${PODS_ROOT}/Manifest.lock\" > /dev/null\nif [ $? != 0 ] ; then\n    # print error to STDERR\n    echo \"error: The sandbox is not in sync with the Podfile.lock. Run 'pod install' or update your CocoaPods installation.\" >&2\n    exit 1\nfi\n# This output is used by Xcode 'outputs' to avoid re-running this script phase.\necho \"SUCCESS\" > \"${SCRIPT_OUTPUT_FILE_0}\"\n";
			showEnvVarsInLog = 0;
		};
		4DDC2E948A2FD3B46B03DC14 /* [CP] Copy Pods Resources */ = {
			isa = PBXShellScriptBuildPhase;
			buildActionMask = 2147483647;
			files = (
			);
			inputPaths = (
				"${SRCROOT}/Pods/Target Support Files/Pods-Category/Pods-Category-resources.sh",
				"${PODS_ROOT}/IQKeyboardManager/IQKeyboardManager/Resources/IQKeyboardManager.bundle",
				"${PODS_ROOT}/MJRefresh/MJRefresh/MJRefresh.bundle",
				"${PODS_ROOT}/SAMKeychain/Support/SAMKeychain.bundle",
			);
			name = "[CP] Copy Pods Resources";
			outputPaths = (
				"${TARGET_BUILD_DIR}/${UNLOCALIZED_RESOURCES_FOLDER_PATH}/IQKeyboardManager.bundle",
				"${TARGET_BUILD_DIR}/${UNLOCALIZED_RESOURCES_FOLDER_PATH}/MJRefresh.bundle",
				"${TARGET_BUILD_DIR}/${UNLOCALIZED_RESOURCES_FOLDER_PATH}/SAMKeychain.bundle",
			);
			runOnlyForDeploymentPostprocessing = 0;
			shellPath = /bin/sh;
			shellScript = "\"${SRCROOT}/Pods/Target Support Files/Pods-Category/Pods-Category-resources.sh\"\n";
			showEnvVarsInLog = 0;
		};
/* End PBXShellScriptBuildPhase section */

/* Begin PBXSourcesBuildPhase section */
		892ECCA220E9D9620035E96E /* Sources */ = {
			isa = PBXSourcesBuildPhase;
			buildActionMask = 2147483647;
			files = (
				892ECCEC20E9DB480035E96E /* UIViewController+Category.m in Sources */,
				892ECCAE20E9D9620035E96E /* ViewController.m in Sources */,
				892ECCEB20E9DB480035E96E /* NSString+Category.m in Sources */,
				892ECCED20E9DB480035E96E /* UIScrollView+Category.m in Sources */,
				892ECCE920E9DB480035E96E /* UIButton+Category.m in Sources */,
				892ECCF320E9F1780035E96E /* DIYFooter.m in Sources */,
				892ECCB920E9D9630035E96E /* main.m in Sources */,
				892ECCEA20E9DB480035E96E /* UIView+Category.m in Sources */,
				892ECCAB20E9D9620035E96E /* AppDelegate.m in Sources */,
				892ECCEE20E9DB480035E96E /* UIColor+Category.m in Sources */,
				892ECCFA20E9F1850035E96E /* TableViewFooterView.m in Sources */,
			);
			runOnlyForDeploymentPostprocessing = 0;
		};
		892ECCBA20E9D9630035E96E /* Sources */ = {
			isa = PBXSourcesBuildPhase;
			buildActionMask = 2147483647;
			files = (
				892ECCC320E9D9630035E96E /* CategoryTests.m in Sources */,
			);
			runOnlyForDeploymentPostprocessing = 0;
		};
		892ECCC520E9D9630035E96E /* Sources */ = {
			isa = PBXSourcesBuildPhase;
			buildActionMask = 2147483647;
			files = (
				892ECCCE20E9D9630035E96E /* CategoryUITests.m in Sources */,
			);
			runOnlyForDeploymentPostprocessing = 0;
		};
/* End PBXSourcesBuildPhase section */

/* Begin PBXTargetDependency section */
		892ECCC020E9D9630035E96E /* PBXTargetDependency */ = {
			isa = PBXTargetDependency;
			target = 892ECCA520E9D9620035E96E /* Category */;
			targetProxy = 892ECCBF20E9D9630035E96E /* PBXContainerItemProxy */;
		};
		892ECCCB20E9D9630035E96E /* PBXTargetDependency */ = {
			isa = PBXTargetDependency;
			target = 892ECCA520E9D9620035E96E /* Category */;
			targetProxy = 892ECCCA20E9D9630035E96E /* PBXContainerItemProxy */;
		};
/* End PBXTargetDependency section */

/* Begin PBXVariantGroup section */
		892ECCAF20E9D9620035E96E /* Main.storyboard */ = {
			isa = PBXVariantGroup;
			children = (
				892ECCB020E9D9620035E96E /* Base */,
			);
			name = Main.storyboard;
			sourceTree = "<group>";
		};
		892ECCB420E9D9630035E96E /* LaunchScreen.storyboard */ = {
			isa = PBXVariantGroup;
			children = (
				892ECCB520E9D9630035E96E /* Base */,
			);
			name = LaunchScreen.storyboard;
			sourceTree = "<group>";
		};
/* End PBXVariantGroup section */

/* Begin XCBuildConfiguration section */
		892ECCD020E9D9630035E96E /* Debug */ = {
			isa = XCBuildConfiguration;
			buildSettings = {
				ALWAYS_SEARCH_USER_PATHS = NO;
				CLANG_ANALYZER_NONNULL = YES;
				CLANG_ANALYZER_NUMBER_OBJECT_CONVERSION = YES_AGGRESSIVE;
				CLANG_CXX_LANGUAGE_STANDARD = "gnu++14";
				CLANG_CXX_LIBRARY = "libc++";
				CLANG_ENABLE_MODULES = YES;
				CLANG_ENABLE_OBJC_ARC = YES;
				CLANG_ENABLE_OBJC_WEAK = YES;
				CLANG_WARN_BLOCK_CAPTURE_AUTORELEASING = YES;
				CLANG_WARN_BOOL_CONVERSION = YES;
				CLANG_WARN_COMMA = YES;
				CLANG_WARN_CONSTANT_CONVERSION = YES;
				CLANG_WARN_DEPRECATED_OBJC_IMPLEMENTATIONS = YES;
				CLANG_WARN_DIRECT_OBJC_ISA_USAGE = YES_ERROR;
				CLANG_WARN_DOCUMENTATION_COMMENTS = YES;
				CLANG_WARN_EMPTY_BODY = YES;
				CLANG_WARN_ENUM_CONVERSION = YES;
				CLANG_WARN_INFINITE_RECURSION = YES;
				CLANG_WARN_INT_CONVERSION = YES;
				CLANG_WARN_NON_LITERAL_NULL_CONVERSION = YES;
				CLANG_WARN_OBJC_IMPLICIT_RETAIN_SELF = YES;
				CLANG_WARN_OBJC_LITERAL_CONVERSION = YES;
				CLANG_WARN_OBJC_ROOT_CLASS = YES_ERROR;
				CLANG_WARN_RANGE_LOOP_ANALYSIS = YES;
				CLANG_WARN_STRICT_PROTOTYPES = YES;
				CLANG_WARN_SUSPICIOUS_MOVE = YES;
				CLANG_WARN_UNGUARDED_AVAILABILITY = YES_AGGRESSIVE;
				CLANG_WARN_UNREACHABLE_CODE = YES;
				CLANG_WARN__DUPLICATE_METHOD_MATCH = YES;
				CODE_SIGN_IDENTITY = "iPhone Developer";
				COPY_PHASE_STRIP = NO;
				DEBUG_INFORMATION_FORMAT = dwarf;
				ENABLE_STRICT_OBJC_MSGSEND = YES;
				ENABLE_TESTABILITY = YES;
				GCC_C_LANGUAGE_STANDARD = gnu11;
				GCC_DYNAMIC_NO_PIC = NO;
				GCC_NO_COMMON_BLOCKS = YES;
				GCC_OPTIMIZATION_LEVEL = 0;
				GCC_PREPROCESSOR_DEFINITIONS = (
					"DEBUG=1",
					"$(inherited)",
				);
				GCC_WARN_64_TO_32_BIT_CONVERSION = YES;
				GCC_WARN_ABOUT_RETURN_TYPE = YES_ERROR;
				GCC_WARN_UNDECLARED_SELECTOR = YES;
				GCC_WARN_UNINITIALIZED_AUTOS = YES_AGGRESSIVE;
				GCC_WARN_UNUSED_FUNCTION = YES;
				GCC_WARN_UNUSED_VARIABLE = YES;
				IPHONEOS_DEPLOYMENT_TARGET = 11.4;
				MTL_ENABLE_DEBUG_INFO = YES;
				ONLY_ACTIVE_ARCH = YES;
				SDKROOT = iphoneos;
			};
			name = Debug;
		};
		892ECCD120E9D9630035E96E /* Release */ = {
			isa = XCBuildConfiguration;
			buildSettings = {
				ALWAYS_SEARCH_USER_PATHS = NO;
				CLANG_ANALYZER_NONNULL = YES;
				CLANG_ANALYZER_NUMBER_OBJECT_CONVERSION = YES_AGGRESSIVE;
				CLANG_CXX_LANGUAGE_STANDARD = "gnu++14";
				CLANG_CXX_LIBRARY = "libc++";
				CLANG_ENABLE_MODULES = YES;
				CLANG_ENABLE_OBJC_ARC = YES;
				CLANG_ENABLE_OBJC_WEAK = YES;
				CLANG_WARN_BLOCK_CAPTURE_AUTORELEASING = YES;
				CLANG_WARN_BOOL_CONVERSION = YES;
				CLANG_WARN_COMMA = YES;
				CLANG_WARN_CONSTANT_CONVERSION = YES;
				CLANG_WARN_DEPRECATED_OBJC_IMPLEMENTATIONS = YES;
				CLANG_WARN_DIRECT_OBJC_ISA_USAGE = YES_ERROR;
				CLANG_WARN_DOCUMENTATION_COMMENTS = YES;
				CLANG_WARN_EMPTY_BODY = YES;
				CLANG_WARN_ENUM_CONVERSION = YES;
				CLANG_WARN_INFINITE_RECURSION = YES;
				CLANG_WARN_INT_CONVERSION = YES;
				CLANG_WARN_NON_LITERAL_NULL_CONVERSION = YES;
				CLANG_WARN_OBJC_IMPLICIT_RETAIN_SELF = YES;
				CLANG_WARN_OBJC_LITERAL_CONVERSION = YES;
				CLANG_WARN_OBJC_ROOT_CLASS = YES_ERROR;
				CLANG_WARN_RANGE_LOOP_ANALYSIS = YES;
				CLANG_WARN_STRICT_PROTOTYPES = YES;
				CLANG_WARN_SUSPICIOUS_MOVE = YES;
				CLANG_WARN_UNGUARDED_AVAILABILITY = YES_AGGRESSIVE;
				CLANG_WARN_UNREACHABLE_CODE = YES;
				CLANG_WARN__DUPLICATE_METHOD_MATCH = YES;
				CODE_SIGN_IDENTITY = "iPhone Developer";
				COPY_PHASE_STRIP = NO;
				DEBUG_INFORMATION_FORMAT = "dwarf-with-dsym";
				ENABLE_NS_ASSERTIONS = NO;
				ENABLE_STRICT_OBJC_MSGSEND = YES;
				GCC_C_LANGUAGE_STANDARD = gnu11;
				GCC_NO_COMMON_BLOCKS = YES;
				GCC_WARN_64_TO_32_BIT_CONVERSION = YES;
				GCC_WARN_ABOUT_RETURN_TYPE = YES_ERROR;
				GCC_WARN_UNDECLARED_SELECTOR = YES;
				GCC_WARN_UNINITIALIZED_AUTOS = YES_AGGRESSIVE;
				GCC_WARN_UNUSED_FUNCTION = YES;
				GCC_WARN_UNUSED_VARIABLE = YES;
				IPHONEOS_DEPLOYMENT_TARGET = 11.4;
				MTL_ENABLE_DEBUG_INFO = NO;
				SDKROOT = iphoneos;
				VALIDATE_PRODUCT = YES;
			};
			name = Release;
		};
		892ECCD320E9D9630035E96E /* Debug */ = {
			isa = XCBuildConfiguration;
			baseConfigurationReference = 4774CC380231BEBD10C76BC6 /* Pods-Category.debug.xcconfig */;
			buildSettings = {
				ASSETCATALOG_COMPILER_APPICON_NAME = AppIcon;
				CODE_SIGN_STYLE = Automatic;
				DEVELOPMENT_TEAM = 3W5Q736S9Q;
				GCC_PRECOMPILE_PREFIX_HEADER = YES;
				GCC_PREFIX_HEADER = "$(SRCROOT)/Category/PrefixHeader.pch";
				INFOPLIST_FILE = Category/Info.plist;
				IPHONEOS_DEPLOYMENT_TARGET = 8.0;
				LD_RUNPATH_SEARCH_PATHS = (
					"$(inherited)",
					"@executable_path/Frameworks",
				);
				PRODUCT_BUNDLE_IDENTIFIER = "-.Category";
				PRODUCT_NAME = "$(TARGET_NAME)";
				TARGETED_DEVICE_FAMILY = "1,2";
			};
			name = Debug;
		};
		892ECCD420E9D9630035E96E /* Release */ = {
			isa = XCBuildConfiguration;
			baseConfigurationReference = 8664291762E61F5E2F2BF080 /* Pods-Category.release.xcconfig */;
			buildSettings = {
				ASSETCATALOG_COMPILER_APPICON_NAME = AppIcon;
				CODE_SIGN_STYLE = Automatic;
				DEVELOPMENT_TEAM = 3W5Q736S9Q;
				GCC_PRECOMPILE_PREFIX_HEADER = YES;
				GCC_PREFIX_HEADER = "$(SRCROOT)/Category/PrefixHeader.pch";
				INFOPLIST_FILE = Category/Info.plist;
				IPHONEOS_DEPLOYMENT_TARGET = 8.0;
				LD_RUNPATH_SEARCH_PATHS = (
					"$(inherited)",
					"@executable_path/Frameworks",
				);
				PRODUCT_BUNDLE_IDENTIFIER = "-.Category";
				PRODUCT_NAME = "$(TARGET_NAME)";
				TARGETED_DEVICE_FAMILY = "1,2";
			};
			name = Release;
		};
		892ECCD620E9D9630035E96E /* Debug */ = {
			isa = XCBuildConfiguration;
			baseConfigurationReference = C5365611B0DB43A9BE3C778D /* Pods-CategoryTests.debug.xcconfig */;
			buildSettings = {
				BUNDLE_LOADER = "$(TEST_HOST)";
				CODE_SIGN_STYLE = Automatic;
				INFOPLIST_FILE = CategoryTests/Info.plist;
				LD_RUNPATH_SEARCH_PATHS = (
					"$(inherited)",
					"@executable_path/Frameworks",
					"@loader_path/Frameworks",
				);
				PRODUCT_BUNDLE_IDENTIFIER = "-.CategoryTests";
				PRODUCT_NAME = "$(TARGET_NAME)";
				TARGETED_DEVICE_FAMILY = "1,2";
				TEST_HOST = "$(BUILT_PRODUCTS_DIR)/Category.app/Category";
			};
			name = Debug;
		};
		892ECCD720E9D9630035E96E /* Release */ = {
			isa = XCBuildConfiguration;
			baseConfigurationReference = 4221E3AC7D6E1C78EFC79F62 /* Pods-CategoryTests.release.xcconfig */;
			buildSettings = {
				BUNDLE_LOADER = "$(TEST_HOST)";
				CODE_SIGN_STYLE = Automatic;
				INFOPLIST_FILE = CategoryTests/Info.plist;
				LD_RUNPATH_SEARCH_PATHS = (
					"$(inherited)",
					"@executable_path/Frameworks",
					"@loader_path/Frameworks",
				);
				PRODUCT_BUNDLE_IDENTIFIER = "-.CategoryTests";
				PRODUCT_NAME = "$(TARGET_NAME)";
				TARGETED_DEVICE_FAMILY = "1,2";
				TEST_HOST = "$(BUILT_PRODUCTS_DIR)/Category.app/Category";
			};
			name = Release;
		};
		892ECCD920E9D9630035E96E /* Debug */ = {
			isa = XCBuildConfiguration;
			baseConfigurationReference = 777B428CC89F2D2A38D6ECD6 /* Pods-CategoryUITests.debug.xcconfig */;
			buildSettings = {
				CODE_SIGN_STYLE = Automatic;
				INFOPLIST_FILE = CategoryUITests/Info.plist;
				LD_RUNPATH_SEARCH_PATHS = (
					"$(inherited)",
					"@executable_path/Frameworks",
					"@loader_path/Frameworks",
				);
				PRODUCT_BUNDLE_IDENTIFIER = "-.CategoryUITests";
				PRODUCT_NAME = "$(TARGET_NAME)";
				TARGETED_DEVICE_FAMILY = "1,2";
				TEST_TARGET_NAME = Category;
			};
			name = Debug;
		};
		892ECCDA20E9D9630035E96E /* Release */ = {
			isa = XCBuildConfiguration;
			baseConfigurationReference = 152D7EC97D4D8BA68C94B8FE /* Pods-CategoryUITests.release.xcconfig */;
			buildSettings = {
				CODE_SIGN_STYLE = Automatic;
				INFOPLIST_FILE = CategoryUITests/Info.plist;
				LD_RUNPATH_SEARCH_PATHS = (
					"$(inherited)",
					"@executable_path/Frameworks",
					"@loader_path/Frameworks",
				);
				PRODUCT_BUNDLE_IDENTIFIER = "-.CategoryUITests";
				PRODUCT_NAME = "$(TARGET_NAME)";
				TARGETED_DEVICE_FAMILY = "1,2";
				TEST_TARGET_NAME = Category;
			};
			name = Release;
		};
/* End XCBuildConfiguration section */

/* Begin XCConfigurationList section */
		892ECCA120E9D9620035E96E /* Build configuration list for PBXProject "Category" */ = {
			isa = XCConfigurationList;
			buildConfigurations = (
				892ECCD020E9D9630035E96E /* Debug */,
				892ECCD120E9D9630035E96E /* Release */,
			);
			defaultConfigurationIsVisible = 0;
			defaultConfigurationName = Release;
		};
		892ECCD220E9D9630035E96E /* Build configuration list for PBXNativeTarget "Category" */ = {
			isa = XCConfigurationList;
			buildConfigurations = (
				892ECCD320E9D9630035E96E /* Debug */,
				892ECCD420E9D9630035E96E /* Release */,
			);
			defaultConfigurationIsVisible = 0;
			defaultConfigurationName = Release;
		};
		892ECCD520E9D9630035E96E /* Build configuration list for PBXNativeTarget "CategoryTests" */ = {
			isa = XCConfigurationList;
			buildConfigurations = (
				892ECCD620E9D9630035E96E /* Debug */,
				892ECCD720E9D9630035E96E /* Release */,
			);
			defaultConfigurationIsVisible = 0;
			defaultConfigurationName = Release;
		};
		892ECCD820E9D9630035E96E /* Build configuration list for PBXNativeTarget "CategoryUITests" */ = {
			isa = XCConfigurationList;
			buildConfigurations = (
				892ECCD920E9D9630035E96E /* Debug */,
				892ECCDA20E9D9630035E96E /* Release */,
			);
			defaultConfigurationIsVisible = 0;
			defaultConfigurationName = Release;
		};
/* End XCConfigurationList section */
	};
	rootObject = 892ECC9E20E9D9620035E96E /* Project object */;
}
